
Microsoft Visual Studio Solution File, Format Version 12.00
# Visual Studio Version 17
VisualStudioVersion = 17.9.34407.89
MinimumVisualStudioVersion = 10.0.40219.1
Project("{888888A0-9F3D-457C-B088-3A5042F75D52}") = "StableDiffusionXLText2Img", "StableDiffusionXLText2Img.pyproj", "{511BAA26-AF8F-440D-B98B-B2047F048450}"
EndProject
Global
	GlobalSection(SolutionConfigurationPlatforms) = preSolution
		Debug|Any CPU = Debug|Any CPU
		Release|Any CPU = Release|Any CPU
	EndGlobalSection
	GlobalSection(ProjectConfigurationPlatforms) = postSolution
		{511BAA26-AF8F-440D-B98B-B2047F048450}.Debug|Any CPU.ActiveCfg = Debug|Any CPU
		{511BAA26-AF8F-440D-B98B-B2047F048450}.Release|Any CPU.ActiveCfg = Release|Any CPU
	EndGlobalSection
	GlobalSection(SolutionProperties) = preSolution
		HideSolutionNode = FALSE
	EndGlobalSection
	GlobalSection(ExtensibilityGlobals) = postSolution
		SolutionGuid = {5F28B581-6609-4A06-8288-4B91AFEF0855}
	EndGlobalSection
EndGlobal
